// !$*UTF8*$!
{
	archiveVersion = 1;
	classes = {
	};
	objectVersion = 56;
	objects = {

/* Begin PBXBuildFile section */
		EC24846E29E0127F003CE6F0 /* TopMenu.swift in Sources */ = {isa = PBXBuildFile; fileRef = EC24846D29E0127F003CE6F0 /* TopMenu.swift */; };
		EC24847029E01F72003CE6F0 /* ClientConnectionView.swift in Sources */ = {isa = PBXBuildFile; fileRef = EC24846F29E01F72003CE6F0 /* ClientConnectionView.swift */; };
		EC24847229E02012003CE6F0 /* HostConnectionView.swift in Sources */ = {isa = PBXBuildFile; fileRef = EC24847129E02012003CE6F0 /* HostConnectionView.swift */; };
		EC24847629E025CF003CE6F0 /* HostSessionManager.swift in Sources */ = {isa = PBXBuildFile; fileRef = EC24847529E025CF003CE6F0 /* HostSessionManager.swift */; };
		EC24847929E0264B003CE6F0 /* HostGameEngine.swift in Sources */ = {isa = PBXBuildFile; fileRef = EC24847829E0264B003CE6F0 /* HostGameEngine.swift */; };
		EC24847B29E02F88003CE6F0 /* CardObject.swift in Sources */ = {isa = PBXBuildFile; fileRef = EC24847A29E02F88003CE6F0 /* CardObject.swift */; };
		EC24847F29E03018003CE6F0 /* HostDeckView.swift in Sources */ = {isa = PBXBuildFile; fileRef = EC24847E29E03018003CE6F0 /* HostDeckView.swift */; };
		EC24848129E03025003CE6F0 /* HostCardStackView.swift in Sources */ = {isa = PBXBuildFile; fileRef = EC24848029E03025003CE6F0 /* HostCardStackView.swift */; };
		EC24848329E044EC003CE6F0 /* ClientGameEndView.swift in Sources */ = {isa = PBXBuildFile; fileRef = EC24848229E044EC003CE6F0 /* ClientGameEndView.swift */; };
		EC24848529E044F6003CE6F0 /* HostGameEndView.swift in Sources */ = {isa = PBXBuildFile; fileRef = EC24848429E044F6003CE6F0 /* HostGameEndView.swift */; };
		EC35617F29E09CFD00EDF858 /* Assets.xcassets in Resources */ = {isa = PBXBuildFile; fileRef = ECA880592979435000DE4AC8 /* Assets.xcassets */; };
		EC7DE364FC4EA7E49DDD0A9E /* ColorPickerView.swift in Sources */ = {isa = PBXBuildFile; fileRef = EC7DEFF665DF2D67D9A81962 /* ColorPickerView.swift */; };
		EC7DE72BFBCB793209B015B0 /* AppDelegate.swift in Sources */ = {isa = PBXBuildFile; fileRef = EC7DE3D31E482D58C7534A5F /* AppDelegate.swift */; };
		EC7DE9172047A59A4751128F /* GameEnums.swift in Sources */ = {isa = PBXBuildFile; fileRef = EC7DE912E48E3BE3D12CFDDB /* GameEnums.swift */; };
		EC7DEE1482E94961A60E9228 /* ClientDeckView.swift in Sources */ = {isa = PBXBuildFile; fileRef = EC7DEBA87B0B142D72AF638A /* ClientDeckView.swift */; };
		EC7DEE61DD55FA822EECDF9A /* ClientGameEngine.swift in Sources */ = {isa = PBXBuildFile; fileRef = EC7DE2165EB9724E33C43972 /* ClientGameEngine.swift */; };
		EC7DEF34D758A2C5435567B4 /* ClientCardView.swift in Sources */ = {isa = PBXBuildFile; fileRef = EC7DEB900A250B4F6798E50E /* ClientCardView.swift */; };
		ECA880292979428A00DE4AC8 /* UNO_ExperienceApp.swift in Sources */ = {isa = PBXBuildFile; fileRef = ECA880282979428A00DE4AC8 /* UNO_ExperienceApp.swift */; };
		ECA880302979428B00DE4AC8 /* Preview Assets.xcassets in Resources */ = {isa = PBXBuildFile; fileRef = ECA8802F2979428B00DE4AC8 /* Preview Assets.xcassets */; };
		ECC39749297C71080033FBD4 /* ClientSessionManager.swift in Sources */ = {isa = PBXBuildFile; fileRef = ECC39748297C71080033FBD4 /* ClientSessionManager.swift */; };
/* End PBXBuildFile section */

/* Begin PBXFileReference section */
		EC24846D29E0127F003CE6F0 /* TopMenu.swift */ = {isa = PBXFileReference; lastKnownFileType = sourcecode.swift; path = TopMenu.swift; sourceTree = "<group>"; };
		EC24846F29E01F72003CE6F0 /* ClientConnectionView.swift */ = {isa = PBXFileReference; lastKnownFileType = sourcecode.swift; path = ClientConnectionView.swift; sourceTree = "<group>"; };
		EC24847129E02012003CE6F0 /* HostConnectionView.swift */ = {isa = PBXFileReference; lastKnownFileType = sourcecode.swift; path = HostConnectionView.swift; sourceTree = "<group>"; };
		EC24847529E025CF003CE6F0 /* HostSessionManager.swift */ = {isa = PBXFileReference; lastKnownFileType = sourcecode.swift; path = HostSessionManager.swift; sourceTree = "<group>"; };
		EC24847829E0264B003CE6F0 /* HostGameEngine.swift */ = {isa = PBXFileReference; lastKnownFileType = sourcecode.swift; path = HostGameEngine.swift; sourceTree = "<group>"; };
		EC24847A29E02F88003CE6F0 /* CardObject.swift */ = {isa = PBXFileReference; lastKnownFileType = sourcecode.swift; path = CardObject.swift; sourceTree = "<group>"; };
		EC24847E29E03018003CE6F0 /* HostDeckView.swift */ = {isa = PBXFileReference; lastKnownFileType = sourcecode.swift; path = HostDeckView.swift; sourceTree = "<group>"; };
		EC24848029E03025003CE6F0 /* HostCardStackView.swift */ = {isa = PBXFileReference; lastKnownFileType = sourcecode.swift; path = HostCardStackView.swift; sourceTree = "<group>"; };
		EC24848229E044EC003CE6F0 /* ClientGameEndView.swift */ = {isa = PBXFileReference; lastKnownFileType = sourcecode.swift; path = ClientGameEndView.swift; sourceTree = "<group>"; };
		EC24848429E044F6003CE6F0 /* HostGameEndView.swift */ = {isa = PBXFileReference; lastKnownFileType = sourcecode.swift; path = HostGameEndView.swift; sourceTree = "<group>"; };
		EC35616629E09B8F00EDF858 /* UNO_Cards.framework */ = {isa = PBXFileReference; explicitFileType = wrapper.framework; path = UNO_Cards.framework; sourceTree = BUILT_PRODUCTS_DIR; };
		EC7DE2165EB9724E33C43972 /* ClientGameEngine.swift */ = {isa = PBXFileReference; fileEncoding = 4; lastKnownFileType = sourcecode.swift; path = ClientGameEngine.swift; sourceTree = "<group>"; };
		EC7DE3D31E482D58C7534A5F /* AppDelegate.swift */ = {isa = PBXFileReference; fileEncoding = 4; lastKnownFileType = sourcecode.swift; path = AppDelegate.swift; sourceTree = "<group>"; };
		EC7DE912E48E3BE3D12CFDDB /* GameEnums.swift */ = {isa = PBXFileReference; fileEncoding = 4; lastKnownFileType = sourcecode.swift; path = GameEnums.swift; sourceTree = "<group>"; };
		EC7DEB900A250B4F6798E50E /* ClientCardView.swift */ = {isa = PBXFileReference; fileEncoding = 4; lastKnownFileType = sourcecode.swift; path = ClientCardView.swift; sourceTree = "<group>"; };
		EC7DEBA87B0B142D72AF638A /* ClientDeckView.swift */ = {isa = PBXFileReference; fileEncoding = 4; lastKnownFileType = sourcecode.swift; path = ClientDeckView.swift; sourceTree = "<group>"; };
		EC7DEFF665DF2D67D9A81962 /* ColorPickerView.swift */ = {isa = PBXFileReference; fileEncoding = 4; lastKnownFileType = sourcecode.swift; path = ColorPickerView.swift; sourceTree = "<group>"; };
		ECA880262979428A00DE4AC8 /* UNO-Experience.app */ = {isa = PBXFileReference; explicitFileType = wrapper.application; includeInIndex = 0; path = "UNO-Experience.app"; sourceTree = BUILT_PRODUCTS_DIR; };
		ECA880282979428A00DE4AC8 /* UNO_ExperienceApp.swift */ = {isa = PBXFileReference; lastKnownFileType = sourcecode.swift; path = UNO_ExperienceApp.swift; sourceTree = "<group>"; };
		ECA8802F2979428B00DE4AC8 /* Preview Assets.xcassets */ = {isa = PBXFileReference; lastKnownFileType = folder.assetcatalog; path = "Preview Assets.xcassets"; sourceTree = "<group>"; };
		ECA880592979435000DE4AC8 /* Assets.xcassets */ = {isa = PBXFileReference; lastKnownFileType = folder.assetcatalog; path = Assets.xcassets; sourceTree = "<group>"; };
		ECC39748297C71080033FBD4 /* ClientSessionManager.swift */ = {isa = PBXFileReference; lastKnownFileType = sourcecode.swift; path = ClientSessionManager.swift; sourceTree = "<group>"; };
/* End PBXFileReference section */

/* Begin PBXFrameworksBuildPhase section */
		ECA880232979428A00DE4AC8 /* Frameworks */ = {
			isa = PBXFrameworksBuildPhase;
			buildActionMask = 2147483647;
			files = (
			);
			runOnlyForDeploymentPostprocessing = 0;
		};
/* End PBXFrameworksBuildPhase section */

/* Begin PBXGroup section */
		EC24847329E02063003CE6F0 /* Menus */ = {
			isa = PBXGroup;
			children = (
				EC24846F29E01F72003CE6F0 /* ClientConnectionView.swift */,
				EC24846D29E0127F003CE6F0 /* TopMenu.swift */,
				EC24847129E02012003CE6F0 /* HostConnectionView.swift */,
				EC24848229E044EC003CE6F0 /* ClientGameEndView.swift */,
				EC24848429E044F6003CE6F0 /* HostGameEndView.swift */,
			);
			path = Menus;
			sourceTree = "<group>";
		};
		EC24847429E025BE003CE6F0 /* SessionManagers */ = {
			isa = PBXGroup;
			children = (
				ECC39748297C71080033FBD4 /* ClientSessionManager.swift */,
				EC24847529E025CF003CE6F0 /* HostSessionManager.swift */,
			);
			path = SessionManagers;
			sourceTree = "<group>";
		};
		EC24847729E0263B003CE6F0 /* GameEngines */ = {
			isa = PBXGroup;
			children = (
				EC7DE2165EB9724E33C43972 /* ClientGameEngine.swift */,
				EC24847829E0264B003CE6F0 /* HostGameEngine.swift */,
			);
			path = GameEngines;
			sourceTree = "<group>";
		};
		EC24847D29E02FE3003CE6F0 /* HostDeckView */ = {
			isa = PBXGroup;
			children = (
				EC24847E29E03018003CE6F0 /* HostDeckView.swift */,
				EC24848029E03025003CE6F0 /* HostCardStackView.swift */,
			);
			path = HostDeckView;
			sourceTree = "<group>";
		};
		EC35616529E09B8F00EDF858 /* Frameworks */ = {
			isa = PBXGroup;
			children = (
				EC35616629E09B8F00EDF858 /* UNO_Cards.framework */,
			);
			name = Frameworks;
			sourceTree = "<group>";
		};
		EC7DE75C891C88829E2B04F8 /* Utils */ = {
			isa = PBXGroup;
			children = (
				EC7DE912E48E3BE3D12CFDDB /* GameEnums.swift */,
				EC7DE3D31E482D58C7534A5F /* AppDelegate.swift */,
			);
			path = Utils;
			sourceTree = "<group>";
		};
		EC7DEE4814EBA70B868734E6 /* ClientDeckView */ = {
			isa = PBXGroup;
			children = (
				EC7DEBA87B0B142D72AF638A /* ClientDeckView.swift */,
				EC7DEB900A250B4F6798E50E /* ClientCardView.swift */,
				EC7DEFF665DF2D67D9A81962 /* ColorPickerView.swift */,
			);
			path = ClientDeckView;
			sourceTree = "<group>";
		};
		ECA88006297941E700DE4AC8 = {
			isa = PBXGroup;
			children = (
				ECA880582979433E00DE4AC8 /* Shared */,
				ECA880272979428A00DE4AC8 /* UNO-Experience */,
				ECA88010297941E700DE4AC8 /* Products */,
				EC35616529E09B8F00EDF858 /* Frameworks */,
			);
			sourceTree = "<group>";
		};
		ECA88010297941E700DE4AC8 /* Products */ = {
			isa = PBXGroup;
			children = (
				ECA880262979428A00DE4AC8 /* UNO-Experience.app */,
			);
			name = Products;
			sourceTree = "<group>";
		};
		ECA880272979428A00DE4AC8 /* UNO-Experience */ = {
			isa = PBXGroup;
			children = (
				ECA880282979428A00DE4AC8 /* UNO_ExperienceApp.swift */,
				EC24847729E0263B003CE6F0 /* GameEngines */,
				EC24847429E025BE003CE6F0 /* SessionManagers */,
				EC24847D29E02FE3003CE6F0 /* HostDeckView */,
				EC7DEE4814EBA70B868734E6 /* ClientDeckView */,
				EC24847329E02063003CE6F0 /* Menus */,
				ECA8802E2979428B00DE4AC8 /* Preview Content */,
			);
			path = "UNO-Experience";
			sourceTree = "<group>";
		};
		ECA8802E2979428B00DE4AC8 /* Preview Content */ = {
			isa = PBXGroup;
			children = (
				ECA8802F2979428B00DE4AC8 /* Preview Assets.xcassets */,
			);
			path = "Preview Content";
			sourceTree = "<group>";
		};
		ECA880582979433E00DE4AC8 /* Shared */ = {
			isa = PBXGroup;
			children = (
				ECA880592979435000DE4AC8 /* Assets.xcassets */,
				EC7DE75C891C88829E2B04F8 /* Utils */,
				EC24847A29E02F88003CE6F0 /* CardObject.swift */,
			);
			path = Shared;
			sourceTree = "<group>";
		};
/* End PBXGroup section */

/* Begin PBXNativeTarget section */
		ECA880252979428A00DE4AC8 /* UNO-Experience */ = {
			isa = PBXNativeTarget;
			buildConfigurationList = ECA880312979428B00DE4AC8 /* Build configuration list for PBXNativeTarget "UNO-Experience" */;
			buildPhases = (
				ECA880222979428A00DE4AC8 /* Sources */,
				ECA880232979428A00DE4AC8 /* Frameworks */,
				ECA880242979428A00DE4AC8 /* Resources */,
			);
			buildRules = (
			);
			dependencies = (
			);
			name = "UNO-Experience";
			productName = "UNO-Client";
			productReference = ECA880262979428A00DE4AC8 /* UNO-Experience.app */;
			productType = "com.apple.product-type.application";
		};
/* End PBXNativeTarget section */

/* Begin PBXProject section */
		ECA88007297941E700DE4AC8 /* Project object */ = {
			isa = PBXProject;
			attributes = {
				BuildIndependentTargetsInParallel = 1;
				LastSwiftUpdateCheck = 1420;
				LastUpgradeCheck = 1420;
				TargetAttributes = {
					ECA880252979428A00DE4AC8 = {
						CreatedOnToolsVersion = 14.2;
					};
				};
			};
			buildConfigurationList = ECA8800A297941E700DE4AC8 /* Build configuration list for PBXProject "UNO-Experience" */;
			compatibilityVersion = "Xcode 14.0";
			developmentRegion = en;
			hasScannedForEncodings = 0;
			knownRegions = (
				en,
				Base,
			);
			mainGroup = ECA88006297941E700DE4AC8;
			productRefGroup = ECA88010297941E700DE4AC8 /* Products */;
			projectDirPath = "";
			projectRoot = "";
			targets = (
				ECA880252979428A00DE4AC8 /* UNO-Experience */,
			);
		};
/* End PBXProject section */

/* Begin PBXResourcesBuildPhase section */
		ECA880242979428A00DE4AC8 /* Resources */ = {
			isa = PBXResourcesBuildPhase;
			buildActionMask = 2147483647;
			files = (
				EC35617F29E09CFD00EDF858 /* Assets.xcassets in Resources */,
				ECA880302979428B00DE4AC8 /* Preview Assets.xcassets in Resources */,
			);
			runOnlyForDeploymentPostprocessing = 0;
		};
/* End PBXResourcesBuildPhase section */

/* Begin PBXSourcesBuildPhase section */
		ECA880222979428A00DE4AC8 /* Sources */ = {
			isa = PBXSourcesBuildPhase;
			buildActionMask = 2147483647;
			files = (
				EC24847F29E03018003CE6F0 /* HostDeckView.swift in Sources */,
				EC24848129E03025003CE6F0 /* HostCardStackView.swift in Sources */,
				ECC39749297C71080033FBD4 /* ClientSessionManager.swift in Sources */,
				ECA880292979428A00DE4AC8 /* UNO_ExperienceApp.swift in Sources */,
				EC24848529E044F6003CE6F0 /* HostGameEndView.swift in Sources */,
				EC24846E29E0127F003CE6F0 /* TopMenu.swift in Sources */,
				EC24848329E044EC003CE6F0 /* ClientGameEndView.swift in Sources */,
				EC7DE9172047A59A4751128F /* GameEnums.swift in Sources */,
				EC24847B29E02F88003CE6F0 /* CardObject.swift in Sources */,
				EC7DE72BFBCB793209B015B0 /* AppDelegate.swift in Sources */,
				EC24847029E01F72003CE6F0 /* ClientConnectionView.swift in Sources */,
				EC24847629E025CF003CE6F0 /* HostSessionManager.swift in Sources */,
				EC7DEE61DD55FA822EECDF9A /* ClientGameEngine.swift in Sources */,
				EC7DE364FC4EA7E49DDD0A9E /* ColorPickerView.swift in Sources */,
				EC7DEF34D758A2C5435567B4 /* ClientCardView.swift in Sources */,
				EC24847929E0264B003CE6F0 /* HostGameEngine.swift in Sources */,
				EC24847229E02012003CE6F0 /* HostConnectionView.swift in Sources */,
				EC7DEE1482E94961A60E9228 /* ClientDeckView.swift in Sources */,
			);
			runOnlyForDeploymentPostprocessing = 0;
		};
/* End PBXSourcesBuildPhase section */

/* Begin XCBuildConfiguration section */
		ECA8801B297941E700DE4AC8 /* Debug */ = {
			isa = XCBuildConfiguration;
			buildSettings = {
				ALWAYS_SEARCH_USER_PATHS = NO;
				CLANG_ANALYZER_NONNULL = YES;
				CLANG_ANALYZER_NUMBER_OBJECT_CONVERSION = YES_AGGRESSIVE;
				CLANG_CXX_LANGUAGE_STANDARD = "gnu++20";
				CLANG_ENABLE_MODULES = YES;
				CLANG_ENABLE_OBJC_ARC = YES;
				CLANG_ENABLE_OBJC_WEAK = YES;
				CLANG_WARN_BLOCK_CAPTURE_AUTORELEASING = YES;
				CLANG_WARN_BOOL_CONVERSION = YES;
				CLANG_WARN_COMMA = YES;
				CLANG_WARN_CONSTANT_CONVERSION = YES;
				CLANG_WARN_DEPRECATED_OBJC_IMPLEMENTATIONS = YES;
				CLANG_WARN_DIRECT_OBJC_ISA_USAGE = YES_ERROR;
				CLANG_WARN_DOCUMENTATION_COMMENTS = YES;
				CLANG_WARN_EMPTY_BODY = YES;
				CLANG_WARN_ENUM_CONVERSION = YES;
				CLANG_WARN_INFINITE_RECURSION = YES;
				CLANG_WARN_INT_CONVERSION = YES;
				CLANG_WARN_NON_LITERAL_NULL_CONVERSION = YES;
				CLANG_WARN_OBJC_IMPLICIT_RETAIN_SELF = YES;
				CLANG_WARN_OBJC_LITERAL_CONVERSION = YES;
				CLANG_WARN_OBJC_ROOT_CLASS = YES_ERROR;
				CLANG_WARN_QUOTED_INCLUDE_IN_FRAMEWORK_HEADER = YES;
				CLANG_WARN_RANGE_LOOP_ANALYSIS = YES;
				CLANG_WARN_STRICT_PROTOTYPES = YES;
				CLANG_WARN_SUSPICIOUS_MOVE = YES;
				CLANG_WARN_UNGUARDED_AVAILABILITY = YES_AGGRESSIVE;
				CLANG_WARN_UNREACHABLE_CODE = YES;
				CLANG_WARN__DUPLICATE_METHOD_MATCH = YES;
				COPY_PHASE_STRIP = NO;
				DEBUG_INFORMATION_FORMAT = dwarf;
				ENABLE_STRICT_OBJC_MSGSEND = YES;
				ENABLE_TESTABILITY = YES;
				GCC_C_LANGUAGE_STANDARD = gnu11;
				GCC_DYNAMIC_NO_PIC = NO;
				GCC_NO_COMMON_BLOCKS = YES;
				GCC_OPTIMIZATION_LEVEL = 0;
				GCC_PREPROCESSOR_DEFINITIONS = (
					"DEBUG=1",
					"$(inherited)",
				);
				GCC_WARN_64_TO_32_BIT_CONVERSION = YES;
				GCC_WARN_ABOUT_RETURN_TYPE = YES_ERROR;
				GCC_WARN_UNDECLARED_SELECTOR = YES;
				GCC_WARN_UNINITIALIZED_AUTOS = YES_AGGRESSIVE;
				GCC_WARN_UNUSED_FUNCTION = YES;
				GCC_WARN_UNUSED_VARIABLE = YES;
				INFOPLIST_KEY_LSApplicationCategoryType = "public.app-category.games";
				INFOPLIST_KEY_UILaunchScreen_Generation = YES;
				IPHONEOS_DEPLOYMENT_TARGET = 16.0;
				MTL_ENABLE_DEBUG_INFO = INCLUDE_SOURCE;
				MTL_FAST_MATH = YES;
				ONLY_ACTIVE_ARCH = YES;
				SDKROOT = iphoneos;
				SWIFT_ACTIVE_COMPILATION_CONDITIONS = DEBUG;
				SWIFT_OPTIMIZATION_LEVEL = "-Onone";
			};
			name = Debug;
		};
		ECA8801C297941E700DE4AC8 /* Release */ = {
			isa = XCBuildConfiguration;
			buildSettings = {
				ALWAYS_SEARCH_USER_PATHS = NO;
				CLANG_ANALYZER_NONNULL = YES;
				CLANG_ANALYZER_NUMBER_OBJECT_CONVERSION = YES_AGGRESSIVE;
				CLANG_CXX_LANGUAGE_STANDARD = "gnu++20";
				CLANG_ENABLE_MODULES = YES;
				CLANG_ENABLE_OBJC_ARC = YES;
				CLANG_ENABLE_OBJC_WEAK = YES;
				CLANG_WARN_BLOCK_CAPTURE_AUTORELEASING = YES;
				CLANG_WARN_BOOL_CONVERSION = YES;
				CLANG_WARN_COMMA = YES;
				CLANG_WARN_CONSTANT_CONVERSION = YES;
				CLANG_WARN_DEPRECATED_OBJC_IMPLEMENTATIONS = YES;
				CLANG_WARN_DIRECT_OBJC_ISA_USAGE = YES_ERROR;
				CLANG_WARN_DOCUMENTATION_COMMENTS = YES;
				CLANG_WARN_EMPTY_BODY = YES;
				CLANG_WARN_ENUM_CONVERSION = YES;
				CLANG_WARN_INFINITE_RECURSION = YES;
				CLANG_WARN_INT_CONVERSION = YES;
				CLANG_WARN_NON_LITERAL_NULL_CONVERSION = YES;
				CLANG_WARN_OBJC_IMPLICIT_RETAIN_SELF = YES;
				CLANG_WARN_OBJC_LITERAL_CONVERSION = YES;
				CLANG_WARN_OBJC_ROOT_CLASS = YES_ERROR;
				CLANG_WARN_QUOTED_INCLUDE_IN_FRAMEWORK_HEADER = YES;
				CLANG_WARN_RANGE_LOOP_ANALYSIS = YES;
				CLANG_WARN_STRICT_PROTOTYPES = YES;
				CLANG_WARN_SUSPICIOUS_MOVE = YES;
				CLANG_WARN_UNGUARDED_AVAILABILITY = YES_AGGRESSIVE;
				CLANG_WARN_UNREACHABLE_CODE = YES;
				CLANG_WARN__DUPLICATE_METHOD_MATCH = YES;
				COPY_PHASE_STRIP = NO;
				DEBUG_INFORMATION_FORMAT = "dwarf-with-dsym";
				ENABLE_NS_ASSERTIONS = NO;
				ENABLE_STRICT_OBJC_MSGSEND = YES;
				GCC_C_LANGUAGE_STANDARD = gnu11;
				GCC_NO_COMMON_BLOCKS = YES;
				GCC_WARN_64_TO_32_BIT_CONVERSION = YES;
				GCC_WARN_ABOUT_RETURN_TYPE = YES_ERROR;
				GCC_WARN_UNDECLARED_SELECTOR = YES;
				GCC_WARN_UNINITIALIZED_AUTOS = YES_AGGRESSIVE;
				GCC_WARN_UNUSED_FUNCTION = YES;
				GCC_WARN_UNUSED_VARIABLE = YES;
				INFOPLIST_KEY_LSApplicationCategoryType = "public.app-category.games";
				INFOPLIST_KEY_UILaunchScreen_Generation = YES;
				IPHONEOS_DEPLOYMENT_TARGET = 16.0;
				MTL_ENABLE_DEBUG_INFO = NO;
				MTL_FAST_MATH = YES;
				SDKROOT = iphoneos;
				SWIFT_COMPILATION_MODE = wholemodule;
				SWIFT_OPTIMIZATION_LEVEL = "-O";
				VALIDATE_PRODUCT = YES;
			};
			name = Release;
		};
		ECA880322979428B00DE4AC8 /* Debug */ = {
			isa = XCBuildConfiguration;
			buildSettings = {
				ASSETCATALOG_COMPILER_APPICON_NAME = AppIcon;
				ASSETCATALOG_COMPILER_GLOBAL_ACCENT_COLOR_NAME = AccentColor;
				CODE_SIGN_IDENTITY = "Apple Development";
				CODE_SIGN_STYLE = Automatic;
				CURRENT_PROJECT_VERSION = 2;
				DEVELOPMENT_ASSET_PATHS = "";
				DEVELOPMENT_TEAM = X2TH88GCYU;
				ENABLE_PREVIEWS = YES;
				GENERATE_INFOPLIST_FILE = YES;
				INFOPLIST_FILE = "UNO-Experience/Info.plist";
				INFOPLIST_KEY_CFBundleDisplayName = "UNO Experience";
				INFOPLIST_KEY_LSApplicationCategoryType = "public.app-category.games";
				INFOPLIST_KEY_NSLocalNetworkUsageDescription = "Lokales Netzwerk wäre Babamäßig";
				INFOPLIST_KEY_UIApplicationSupportsIndirectInputEvents = YES;
				INFOPLIST_KEY_UILaunchScreen_Generation = YES;
				INFOPLIST_KEY_UISupportedInterfaceOrientations = UIInterfaceOrientationPortrait;
				INFOPLIST_KEY_UISupportedInterfaceOrientations_iPad = "UIInterfaceOrientationLandscapeLeft UIInterfaceOrientationLandscapeRight UIInterfaceOrientationPortrait UIInterfaceOrientationPortraitUpsideDown";
				LD_RUNPATH_SEARCH_PATHS = (
					"$(inherited)",
					"@executable_path/Frameworks",
				);
				MACOSX_DEPLOYMENT_TARGET = 13.0;
				MARKETING_VERSION = 2.0;
				OTHER_LIBTOOLFLAGS = "";
				PRODUCT_BUNDLE_IDENTIFIER = "de.paulcornelissen.UNO-Experience";
				PRODUCT_NAME = "$(TARGET_NAME)";
				PROVISIONING_PROFILE_SPECIFIER = "";
				SUPPORTED_PLATFORMS = "iphoneos iphonesimulator";
				SUPPORTS_MACCATALYST = NO;
				SUPPORTS_MAC_DESIGNED_FOR_IPHONE_IPAD = YES;
				SWIFT_EMIT_LOC_STRINGS = YES;
				SWIFT_VERSION = 5.0;
				TARGETED_DEVICE_FAMILY = "1,2";
			};
			name = Debug;
		};
		ECA880332979428B00DE4AC8 /* Release */ = {
			isa = XCBuildConfiguration;
			buildSettings = {
				ASSETCATALOG_COMPILER_APPICON_NAME = AppIcon;
				ASSETCATALOG_COMPILER_GLOBAL_ACCENT_COLOR_NAME = AccentColor;
				CODE_SIGN_IDENTITY = "Apple Development";
				CODE_SIGN_STYLE = Automatic;
				CURRENT_PROJECT_VERSION = 2;
				DEVELOPMENT_ASSET_PATHS = "";
				DEVELOPMENT_TEAM = X2TH88GCYU;
				ENABLE_PREVIEWS = YES;
				GENERATE_INFOPLIST_FILE = YES;
				INFOPLIST_FILE = "UNO-Experience/Info.plist";
				INFOPLIST_KEY_CFBundleDisplayName = "UNO Experience";
				INFOPLIST_KEY_LSApplicationCategoryType = "public.app-category.games";
				INFOPLIST_KEY_NSLocalNetworkUsageDescription = "Lokales Netzwerk wäre Babamäßig";
				INFOPLIST_KEY_UIApplicationSupportsIndirectInputEvents = YES;
				INFOPLIST_KEY_UILaunchScreen_Generation = YES;
				INFOPLIST_KEY_UISupportedInterfaceOrientations = UIInterfaceOrientationPortrait;
				INFOPLIST_KEY_UISupportedInterfaceOrientations_iPad = "UIInterfaceOrientationLandscapeLeft UIInterfaceOrientationLandscapeRight UIInterfaceOrientationPortrait UIInterfaceOrientationPortraitUpsideDown";
				LD_RUNPATH_SEARCH_PATHS = (
					"$(inherited)",
					"@executable_path/Frameworks",
				);
				MACOSX_DEPLOYMENT_TARGET = 13.0;
				MARKETING_VERSION = 2.0;
				OTHER_LIBTOOLFLAGS = "";
				PRODUCT_BUNDLE_IDENTIFIER = "de.paulcornelissen.UNO-Experience";
				PRODUCT_NAME = "$(TARGET_NAME)";
				PROVISIONING_PROFILE_SPECIFIER = "";
				SUPPORTED_PLATFORMS = "iphoneos iphonesimulator";
				SUPPORTS_MACCATALYST = NO;
				SUPPORTS_MAC_DESIGNED_FOR_IPHONE_IPAD = YES;
				SWIFT_EMIT_LOC_STRINGS = YES;
				SWIFT_VERSION = 5.0;
				TARGETED_DEVICE_FAMILY = "1,2";
			};
			name = Release;
		};
/* End XCBuildConfiguration section */

/* Begin XCConfigurationList section */
		ECA8800A297941E700DE4AC8 /* Build configuration list for PBXProject "UNO-Experience" */ = {
			isa = XCConfigurationList;
			buildConfigurations = (
				ECA8801B297941E700DE4AC8 /* Debug */,
				ECA8801C297941E700DE4AC8 /* Release */,
			);
			defaultConfigurationIsVisible = 0;
			defaultConfigurationName = Release;
		};
		ECA880312979428B00DE4AC8 /* Build configuration list for PBXNativeTarget "UNO-Experience" */ = {
			isa = XCConfigurationList;
			buildConfigurations = (
				ECA880322979428B00DE4AC8 /* Debug */,
				ECA880332979428B00DE4AC8 /* Release */,
			);
			defaultConfigurationIsVisible = 0;
			defaultConfigurationName = Release;
		};
/* End XCConfigurationList section */
	};
	rootObject = ECA88007297941E700DE4AC8 /* Project object */;
}
